
Microsoft Visual Studio Solution File, Format Version 12.00
# Visual Studio Version 17
VisualStudioVersion = 17.0.31903.59
MinimumVisualStudioVersion = 10.0.40219.1
Project("{2150E333-8FDC-42A3-9474-1A3956D46DE8}") = "shared", "shared", "{4F52FD11-658E-A102-6CD3-7D7C16FFA15B}"
EndProject
Project("{FAE04EC0-301F-11D3-BF4B-00C04F79EFBC}") = "HandCraft.Ortak", "shared\HandCraft.Ortak\HandCraft.Ortak.csproj", "{2582AA52-0D57-410E-BFE7-923F650CDE71}"
EndProject
Project("{2150E333-8FDC-42A3-9474-1A3956D46DE8}") = "services", "services", "{5854FF58-B8C5-05C6-5BF2-ACE42193F22B}"
EndProject
Project("{FAE04EC0-301F-11D3-BF4B-00C04F79EFBC}") = "HandCraft.Katalog", "services\HandCraft.Katalog\HandCraft.Katalog.csproj", "{3AC61D42-2CC2-4D52-803C-2F0161938A87}"
EndProject
Project("{FAE04EC0-301F-11D3-BF4B-00C04F79EFBC}") = "HandCraft.Fotograf", "services\HandCraft.Fotograf\HandCraft.Fotograf.csproj", "{F516642D-4786-4B2E-88F7-9CC55C8B4831}"
EndProject
Project("{FAE04EC0-301F-11D3-BF4B-00C04F79EFBC}") = "HandCraft.Indirim", "services\HandCraft.Indirim\HandCraft.Indirim.csproj", "{939DFECD-10CE-43CA-8179-9FA4DFE55A7E}"
EndProject
Project("{FAE04EC0-301F-11D3-BF4B-00C04F79EFBC}") = "HandCraft.Sepet", "services\HandCraft.Sepet\HandCraft.Sepet.csproj", "{45BDE377-263E-4724-BDEC-21E43D2B6CC2}"
EndProject
Project("{FAE04EC0-301F-11D3-BF4B-00C04F79EFBC}") = "HandCraft.Odeme", "services\HandCraft.Odeme\HandCraft.Odeme.csproj", "{408FB11E-DBF1-4364-BB8B-1B51E76F34DF}"
EndProject
Project("{2150E333-8FDC-42A3-9474-1A3956D46DE8}") = "HandCraft.Siparis", "HandCraft.Siparis", "{11D3CF88-97F1-6246-57A8-BF4BF839B93A}"
EndProject
Project("{FAE04EC0-301F-11D3-BF4B-00C04F79EFBC}") = "HandCraft.Siparis.Domain", "services\HandCraft.Siparis\HandCraft.Siparis.Domain\HandCraft.Siparis.Domain.csproj", "{D4B08642-1D98-44FB-A75F-49856A8C4282}"
EndProject
Project("{FAE04EC0-301F-11D3-BF4B-00C04F79EFBC}") = "HandCraft.Siparis.Persistence", "services\HandCraft.Siparis\HandCraft.Siparis.Persistence\HandCraft.Siparis.Persistence.csproj", "{376C765A-57A6-4897-9649-478B42BCF335}"
EndProject
Project("{FAE04EC0-301F-11D3-BF4B-00C04F79EFBC}") = "HandCraft.Siparis.Application", "services\HandCraft.Siparis\HandCraft.Siparis.Application\HandCraft.Siparis.Application.csproj", "{1240DFA7-0651-43A2-9916-F8EC81896B03}"
EndProject
Project("{FAE04EC0-301F-11D3-BF4B-00C04F79EFBC}") = "HandCraft.Siparis.Api", "services\HandCraft.Siparis\HandCraft.Siparis.Api\HandCraft.Siparis.Api.csproj", "{7A510152-B15D-458B-A4AD-581D39C29E6E}"
EndProject
Project("{2150E333-8FDC-42A3-9474-1A3956D46DE8}") = "gateway", "gateway", "{E7BDDBC6-9FD1-D1D7-ACD8-2C4F8E3D2461}"
EndProject
Project("{FAE04EC0-301F-11D3-BF4B-00C04F79EFBC}") = "HandCraft.Gateway", "gateway\HandCraft.Gateway\HandCraft.Gateway.csproj", "{B1DF7D2A-4BA6-4871-B2A0-D626CFBE8AFA}"
EndProject
Project("{2150E333-8FDC-42A3-9474-1A3956D46DE8}") = "web", "web", "{256F4E96-6A73-9ABE-786F-840C672A50F4}"
EndProject
Project("{FAE04EC0-301F-11D3-BF4B-00C04F79EFBC}") = "HandCraft.Web", "web\HandCraft.Web\HandCraft.Web.csproj", "{29EC7F20-5824-40B1-BC75-CC72FA6A3951}"
EndProject
Project("{FAE04EC0-301F-11D3-BF4B-00C04F79EFBC}") = "HandCraft.Admin", "web\HandCraft.Admin\HandCraft.Admin.csproj", "{39574DC4-9D5A-4626-AE9D-CD4EEC97B977}"
EndProject
Global
	GlobalSection(SolutionConfigurationPlatforms) = preSolution
		Debug|Any CPU = Debug|Any CPU
		Debug|x64 = Debug|x64
		Debug|x86 = Debug|x86
		Release|Any CPU = Release|Any CPU
		Release|x64 = Release|x64
		Release|x86 = Release|x86
	EndGlobalSection
	GlobalSection(ProjectConfigurationPlatforms) = postSolution
		{2582AA52-0D57-410E-BFE7-923F650CDE71}.Debug|Any CPU.ActiveCfg = Debug|Any CPU
		{2582AA52-0D57-410E-BFE7-923F650CDE71}.Debug|Any CPU.Build.0 = Debug|Any CPU
		{2582AA52-0D57-410E-BFE7-923F650CDE71}.Debug|x64.ActiveCfg = Debug|Any CPU
		{2582AA52-0D57-410E-BFE7-923F650CDE71}.Debug|x64.Build.0 = Debug|Any CPU
		{2582AA52-0D57-410E-BFE7-923F650CDE71}.Debug|x86.ActiveCfg = Debug|Any CPU
		{2582AA52-0D57-410E-BFE7-923F650CDE71}.Debug|x86.Build.0 = Debug|Any CPU
		{2582AA52-0D57-410E-BFE7-923F650CDE71}.Release|Any CPU.ActiveCfg = Release|Any CPU
		{2582AA52-0D57-410E-BFE7-923F650CDE71}.Release|Any CPU.Build.0 = Release|Any CPU
		{2582AA52-0D57-410E-BFE7-923F650CDE71}.Release|x64.ActiveCfg = Release|Any CPU
		{2582AA52-0D57-410E-BFE7-923F650CDE71}.Release|x64.Build.0 = Release|Any CPU
		{2582AA52-0D57-410E-BFE7-923F650CDE71}.Release|x86.ActiveCfg = Release|Any CPU
		{2582AA52-0D57-410E-BFE7-923F650CDE71}.Release|x86.Build.0 = Release|Any CPU
		{3AC61D42-2CC2-4D52-803C-2F0161938A87}.Debug|Any CPU.ActiveCfg = Debug|Any CPU
		{3AC61D42-2CC2-4D52-803C-2F0161938A87}.Debug|Any CPU.Build.0 = Debug|Any CPU
		{3AC61D42-2CC2-4D52-803C-2F0161938A87}.Debug|x64.ActiveCfg = Debug|Any CPU
		{3AC61D42-2CC2-4D52-803C-2F0161938A87}.Debug|x64.Build.0 = Debug|Any CPU
		{3AC61D42-2CC2-4D52-803C-2F0161938A87}.Debug|x86.ActiveCfg = Debug|Any CPU
		{3AC61D42-2CC2-4D52-803C-2F0161938A87}.Debug|x86.Build.0 = Debug|Any CPU
		{3AC61D42-2CC2-4D52-803C-2F0161938A87}.Release|Any CPU.ActiveCfg = Release|Any CPU
		{3AC61D42-2CC2-4D52-803C-2F0161938A87}.Release|Any CPU.Build.0 = Release|Any CPU
		{3AC61D42-2CC2-4D52-803C-2F0161938A87}.Release|x64.ActiveCfg = Release|Any CPU
		{3AC61D42-2CC2-4D52-803C-2F0161938A87}.Release|x64.Build.0 = Release|Any CPU
		{3AC61D42-2CC2-4D52-803C-2F0161938A87}.Release|x86.ActiveCfg = Release|Any CPU
		{3AC61D42-2CC2-4D52-803C-2F0161938A87}.Release|x86.Build.0 = Release|Any CPU
		{F516642D-4786-4B2E-88F7-9CC55C8B4831}.Debug|Any CPU.ActiveCfg = Debug|Any CPU
		{F516642D-4786-4B2E-88F7-9CC55C8B4831}.Debug|Any CPU.Build.0 = Debug|Any CPU
		{F516642D-4786-4B2E-88F7-9CC55C8B4831}.Debug|x64.ActiveCfg = Debug|Any CPU
		{F516642D-4786-4B2E-88F7-9CC55C8B4831}.Debug|x64.Build.0 = Debug|Any CPU
		{F516642D-4786-4B2E-88F7-9CC55C8B4831}.Debug|x86.ActiveCfg = Debug|Any CPU
		{F516642D-4786-4B2E-88F7-9CC55C8B4831}.Debug|x86.Build.0 = Debug|Any CPU
		{F516642D-4786-4B2E-88F7-9CC55C8B4831}.Release|Any CPU.ActiveCfg = Release|Any CPU
		{F516642D-4786-4B2E-88F7-9CC55C8B4831}.Release|Any CPU.Build.0 = Release|Any CPU
		{F516642D-4786-4B2E-88F7-9CC55C8B4831}.Release|x64.ActiveCfg = Release|Any CPU
		{F516642D-4786-4B2E-88F7-9CC55C8B4831}.Release|x64.Build.0 = Release|Any CPU
		{F516642D-4786-4B2E-88F7-9CC55C8B4831}.Release|x86.ActiveCfg = Release|Any CPU
		{F516642D-4786-4B2E-88F7-9CC55C8B4831}.Release|x86.Build.0 = Release|Any CPU
		{939DFECD-10CE-43CA-8179-9FA4DFE55A7E}.Debug|Any CPU.ActiveCfg = Debug|Any CPU
		{939DFECD-10CE-43CA-8179-9FA4DFE55A7E}.Debug|Any CPU.Build.0 = Debug|Any CPU
		{939DFECD-10CE-43CA-8179-9FA4DFE55A7E}.Debug|x64.ActiveCfg = Debug|Any CPU
		{939DFECD-10CE-43CA-8179-9FA4DFE55A7E}.Debug|x64.Build.0 = Debug|Any CPU
		{939DFECD-10CE-43CA-8179-9FA4DFE55A7E}.Debug|x86.ActiveCfg = Debug|Any CPU
		{939DFECD-10CE-43CA-8179-9FA4DFE55A7E}.Debug|x86.Build.0 = Debug|Any CPU
		{939DFECD-10CE-43CA-8179-9FA4DFE55A7E}.Release|Any CPU.ActiveCfg = Release|Any CPU
		{939DFECD-10CE-43CA-8179-9FA4DFE55A7E}.Release|Any CPU.Build.0 = Release|Any CPU
		{939DFECD-10CE-43CA-8179-9FA4DFE55A7E}.Release|x64.ActiveCfg = Release|Any CPU
		{939DFECD-10CE-43CA-8179-9FA4DFE55A7E}.Release|x64.Build.0 = Release|Any CPU
		{939DFECD-10CE-43CA-8179-9FA4DFE55A7E}.Release|x86.ActiveCfg = Release|Any CPU
		{939DFECD-10CE-43CA-8179-9FA4DFE55A7E}.Release|x86.Build.0 = Release|Any CPU
		{45BDE377-263E-4724-BDEC-21E43D2B6CC2}.Debug|Any CPU.ActiveCfg = Debug|Any CPU
		{45BDE377-263E-4724-BDEC-21E43D2B6CC2}.Debug|Any CPU.Build.0 = Debug|Any CPU
		{45BDE377-263E-4724-BDEC-21E43D2B6CC2}.Debug|x64.ActiveCfg = Debug|Any CPU
		{45BDE377-263E-4724-BDEC-21E43D2B6CC2}.Debug|x64.Build.0 = Debug|Any CPU
		{45BDE377-263E-4724-BDEC-21E43D2B6CC2}.Debug|x86.ActiveCfg = Debug|Any CPU
		{45BDE377-263E-4724-BDEC-21E43D2B6CC2}.Debug|x86.Build.0 = Debug|Any CPU
		{45BDE377-263E-4724-BDEC-21E43D2B6CC2}.Release|Any CPU.ActiveCfg = Release|Any CPU
		{45BDE377-263E-4724-BDEC-21E43D2B6CC2}.Release|Any CPU.Build.0 = Release|Any CPU
		{45BDE377-263E-4724-BDEC-21E43D2B6CC2}.Release|x64.ActiveCfg = Release|Any CPU
		{45BDE377-263E-4724-BDEC-21E43D2B6CC2}.Release|x64.Build.0 = Release|Any CPU
		{45BDE377-263E-4724-BDEC-21E43D2B6CC2}.Release|x86.ActiveCfg = Release|Any CPU
		{45BDE377-263E-4724-BDEC-21E43D2B6CC2}.Release|x86.Build.0 = Release|Any CPU
		{408FB11E-DBF1-4364-BB8B-1B51E76F34DF}.Debug|Any CPU.ActiveCfg = Debug|Any CPU
		{408FB11E-DBF1-4364-BB8B-1B51E76F34DF}.Debug|Any CPU.Build.0 = Debug|Any CPU
		{408FB11E-DBF1-4364-BB8B-1B51E76F34DF}.Debug|x64.ActiveCfg = Debug|Any CPU
		{408FB11E-DBF1-4364-BB8B-1B51E76F34DF}.Debug|x64.Build.0 = Debug|Any CPU
		{408FB11E-DBF1-4364-BB8B-1B51E76F34DF}.Debug|x86.ActiveCfg = Debug|Any CPU
		{408FB11E-DBF1-4364-BB8B-1B51E76F34DF}.Debug|x86.Build.0 = Debug|Any CPU
		{408FB11E-DBF1-4364-BB8B-1B51E76F34DF}.Release|Any CPU.ActiveCfg = Release|Any CPU
		{408FB11E-DBF1-4364-BB8B-1B51E76F34DF}.Release|Any CPU.Build.0 = Release|Any CPU
		{408FB11E-DBF1-4364-BB8B-1B51E76F34DF}.Release|x64.ActiveCfg = Release|Any CPU
		{408FB11E-DBF1-4364-BB8B-1B51E76F34DF}.Release|x64.Build.0 = Release|Any CPU
		{408FB11E-DBF1-4364-BB8B-1B51E76F34DF}.Release|x86.ActiveCfg = Release|Any CPU
		{408FB11E-DBF1-4364-BB8B-1B51E76F34DF}.Release|x86.Build.0 = Release|Any CPU
		{D4B08642-1D98-44FB-A75F-49856A8C4282}.Debug|Any CPU.ActiveCfg = Debug|Any CPU
		{D4B08642-1D98-44FB-A75F-49856A8C4282}.Debug|Any CPU.Build.0 = Debug|Any CPU
		{D4B08642-1D98-44FB-A75F-49856A8C4282}.Debug|x64.ActiveCfg = Debug|Any CPU
		{D4B08642-1D98-44FB-A75F-49856A8C4282}.Debug|x64.Build.0 = Debug|Any CPU
		{D4B08642-1D98-44FB-A75F-49856A8C4282}.Debug|x86.ActiveCfg = Debug|Any CPU
		{D4B08642-1D98-44FB-A75F-49856A8C4282}.Debug|x86.Build.0 = Debug|Any CPU
		{D4B08642-1D98-44FB-A75F-49856A8C4282}.Release|Any CPU.ActiveCfg = Release|Any CPU
		{D4B08642-1D98-44FB-A75F-49856A8C4282}.Release|Any CPU.Build.0 = Release|Any CPU
		{D4B08642-1D98-44FB-A75F-49856A8C4282}.Release|x64.ActiveCfg = Release|Any CPU
		{D4B08642-1D98-44FB-A75F-49856A8C4282}.Release|x64.Build.0 = Release|Any CPU
		{D4B08642-1D98-44FB-A75F-49856A8C4282}.Release|x86.ActiveCfg = Release|Any CPU
		{D4B08642-1D98-44FB-A75F-49856A8C4282}.Release|x86.Build.0 = Release|Any CPU
		{376C765A-57A6-4897-9649-478B42BCF335}.Debug|Any CPU.ActiveCfg = Debug|Any CPU
		{376C765A-57A6-4897-9649-478B42BCF335}.Debug|Any CPU.Build.0 = Debug|Any CPU
		{376C765A-57A6-4897-9649-478B42BCF335}.Debug|x64.ActiveCfg = Debug|Any CPU
		{376C765A-57A6-4897-9649-478B42BCF335}.Debug|x64.Build.0 = Debug|Any CPU
		{376C765A-57A6-4897-9649-478B42BCF335}.Debug|x86.ActiveCfg = Debug|Any CPU
		{376C765A-57A6-4897-9649-478B42BCF335}.Debug|x86.Build.0 = Debug|Any CPU
		{376C765A-57A6-4897-9649-478B42BCF335}.Release|Any CPU.ActiveCfg = Release|Any CPU
		{376C765A-57A6-4897-9649-478B42BCF335}.Release|Any CPU.Build.0 = Release|Any CPU
		{376C765A-57A6-4897-9649-478B42BCF335}.Release|x64.ActiveCfg = Release|Any CPU
		{376C765A-57A6-4897-9649-478B42BCF335}.Release|x64.Build.0 = Release|Any CPU
		{376C765A-57A6-4897-9649-478B42BCF335}.Release|x86.ActiveCfg = Release|Any CPU
		{376C765A-57A6-4897-9649-478B42BCF335}.Release|x86.Build.0 = Release|Any CPU
		{1240DFA7-0651-43A2-9916-F8EC81896B03}.Debug|Any CPU.ActiveCfg = Debug|Any CPU
		{1240DFA7-0651-43A2-9916-F8EC81896B03}.Debug|Any CPU.Build.0 = Debug|Any CPU
		{1240DFA7-0651-43A2-9916-F8EC81896B03}.Debug|x64.ActiveCfg = Debug|Any CPU
		{1240DFA7-0651-43A2-9916-F8EC81896B03}.Debug|x64.Build.0 = Debug|Any CPU
		{1240DFA7-0651-43A2-9916-F8EC81896B03}.Debug|x86.ActiveCfg = Debug|Any CPU
		{1240DFA7-0651-43A2-9916-F8EC81896B03}.Debug|x86.Build.0 = Debug|Any CPU
		{1240DFA7-0651-43A2-9916-F8EC81896B03}.Release|Any CPU.ActiveCfg = Release|Any CPU
		{1240DFA7-0651-43A2-9916-F8EC81896B03}.Release|Any CPU.Build.0 = Release|Any CPU
		{1240DFA7-0651-43A2-9916-F8EC81896B03}.Release|x64.ActiveCfg = Release|Any CPU
		{1240DFA7-0651-43A2-9916-F8EC81896B03}.Release|x64.Build.0 = Release|Any CPU
		{1240DFA7-0651-43A2-9916-F8EC81896B03}.Release|x86.ActiveCfg = Release|Any CPU
		{1240DFA7-0651-43A2-9916-F8EC81896B03}.Release|x86.Build.0 = Release|Any CPU
		{7A510152-B15D-458B-A4AD-581D39C29E6E}.Debug|Any CPU.ActiveCfg = Debug|Any CPU
		{7A510152-B15D-458B-A4AD-581D39C29E6E}.Debug|Any CPU.Build.0 = Debug|Any CPU
		{7A510152-B15D-458B-A4AD-581D39C29E6E}.Debug|x64.ActiveCfg = Debug|Any CPU
		{7A510152-B15D-458B-A4AD-581D39C29E6E}.Debug|x64.Build.0 = Debug|Any CPU
		{7A510152-B15D-458B-A4AD-581D39C29E6E}.Debug|x86.ActiveCfg = Debug|Any CPU
		{7A510152-B15D-458B-A4AD-581D39C29E6E}.Debug|x86.Build.0 = Debug|Any CPU
		{7A510152-B15D-458B-A4AD-581D39C29E6E}.Release|Any CPU.ActiveCfg = Release|Any CPU
		{7A510152-B15D-458B-A4AD-581D39C29E6E}.Release|Any CPU.Build.0 = Release|Any CPU
		{7A510152-B15D-458B-A4AD-581D39C29E6E}.Release|x64.ActiveCfg = Release|Any CPU
		{7A510152-B15D-458B-A4AD-581D39C29E6E}.Release|x64.Build.0 = Release|Any CPU
		{7A510152-B15D-458B-A4AD-581D39C29E6E}.Release|x86.ActiveCfg = Release|Any CPU
		{7A510152-B15D-458B-A4AD-581D39C29E6E}.Release|x86.Build.0 = Release|Any CPU
		{B1DF7D2A-4BA6-4871-B2A0-D626CFBE8AFA}.Debug|Any CPU.ActiveCfg = Debug|Any CPU
		{B1DF7D2A-4BA6-4871-B2A0-D626CFBE8AFA}.Debug|Any CPU.Build.0 = Debug|Any CPU
		{B1DF7D2A-4BA6-4871-B2A0-D626CFBE8AFA}.Debug|x64.ActiveCfg = Debug|Any CPU
		{B1DF7D2A-4BA6-4871-B2A0-D626CFBE8AFA}.Debug|x64.Build.0 = Debug|Any CPU
		{B1DF7D2A-4BA6-4871-B2A0-D626CFBE8AFA}.Debug|x86.ActiveCfg = Debug|Any CPU
		{B1DF7D2A-4BA6-4871-B2A0-D626CFBE8AFA}.Debug|x86.Build.0 = Debug|Any CPU
		{B1DF7D2A-4BA6-4871-B2A0-D626CFBE8AFA}.Release|Any CPU.ActiveCfg = Release|Any CPU
		{B1DF7D2A-4BA6-4871-B2A0-D626CFBE8AFA}.Release|Any CPU.Build.0 = Release|Any CPU
		{B1DF7D2A-4BA6-4871-B2A0-D626CFBE8AFA}.Release|x64.ActiveCfg = Release|Any CPU
		{B1DF7D2A-4BA6-4871-B2A0-D626CFBE8AFA}.Release|x64.Build.0 = Release|Any CPU
		{B1DF7D2A-4BA6-4871-B2A0-D626CFBE8AFA}.Release|x86.ActiveCfg = Release|Any CPU
		{B1DF7D2A-4BA6-4871-B2A0-D626CFBE8AFA}.Release|x86.Build.0 = Release|Any CPU
		{29EC7F20-5824-40B1-BC75-CC72FA6A3951}.Debug|Any CPU.ActiveCfg = Debug|Any CPU
		{29EC7F20-5824-40B1-BC75-CC72FA6A3951}.Debug|Any CPU.Build.0 = Debug|Any CPU
		{29EC7F20-5824-40B1-BC75-CC72FA6A3951}.Debug|x64.ActiveCfg = Debug|Any CPU
		{29EC7F20-5824-40B1-BC75-CC72FA6A3951}.Debug|x64.Build.0 = Debug|Any CPU
		{29EC7F20-5824-40B1-BC75-CC72FA6A3951}.Debug|x86.ActiveCfg = Debug|Any CPU
		{29EC7F20-5824-40B1-BC75-CC72FA6A3951}.Debug|x86.Build.0 = Debug|Any CPU
		{29EC7F20-5824-40B1-BC75-CC72FA6A3951}.Release|Any CPU.ActiveCfg = Release|Any CPU
		{29EC7F20-5824-40B1-BC75-CC72FA6A3951}.Release|Any CPU.Build.0 = Release|Any CPU
		{29EC7F20-5824-40B1-BC75-CC72FA6A3951}.Release|x64.ActiveCfg = Release|Any CPU
		{29EC7F20-5824-40B1-BC75-CC72FA6A3951}.Release|x64.Build.0 = Release|Any CPU
		{29EC7F20-5824-40B1-BC75-CC72FA6A3951}.Release|x86.ActiveCfg = Release|Any CPU
		{29EC7F20-5824-40B1-BC75-CC72FA6A3951}.Release|x86.Build.0 = Release|Any CPU
		{39574DC4-9D5A-4626-AE9D-CD4EEC97B977}.Debug|Any CPU.ActiveCfg = Debug|Any CPU
		{39574DC4-9D5A-4626-AE9D-CD4EEC97B977}.Debug|Any CPU.Build.0 = Debug|Any CPU
		{39574DC4-9D5A-4626-AE9D-CD4EEC97B977}.Debug|x64.ActiveCfg = Debug|Any CPU
		{39574DC4-9D5A-4626-AE9D-CD4EEC97B977}.Debug|x64.Build.0 = Debug|Any CPU
		{39574DC4-9D5A-4626-AE9D-CD4EEC97B977}.Debug|x86.ActiveCfg = Debug|Any CPU
		{39574DC4-9D5A-4626-AE9D-CD4EEC97B977}.Debug|x86.Build.0 = Debug|Any CPU
		{39574DC4-9D5A-4626-AE9D-CD4EEC97B977}.Release|Any CPU.ActiveCfg = Release|Any CPU
		{39574DC4-9D5A-4626-AE9D-CD4EEC97B977}.Release|Any CPU.Build.0 = Release|Any CPU
		{39574DC4-9D5A-4626-AE9D-CD4EEC97B977}.Release|x64.ActiveCfg = Release|Any CPU
		{39574DC4-9D5A-4626-AE9D-CD4EEC97B977}.Release|x64.Build.0 = Release|Any CPU
		{39574DC4-9D5A-4626-AE9D-CD4EEC97B977}.Release|x86.ActiveCfg = Release|Any CPU
		{39574DC4-9D5A-4626-AE9D-CD4EEC97B977}.Release|x86.Build.0 = Release|Any CPU
	EndGlobalSection
	GlobalSection(SolutionProperties) = preSolution
		HideSolutionNode = FALSE
	EndGlobalSection
	GlobalSection(NestedProjects) = preSolution
		{2582AA52-0D57-410E-BFE7-923F650CDE71} = {4F52FD11-658E-A102-6CD3-7D7C16FFA15B}
		{3AC61D42-2CC2-4D52-803C-2F0161938A87} = {5854FF58-B8C5-05C6-5BF2-ACE42193F22B}
		{F516642D-4786-4B2E-88F7-9CC55C8B4831} = {5854FF58-B8C5-05C6-5BF2-ACE42193F22B}
		{939DFECD-10CE-43CA-8179-9FA4DFE55A7E} = {5854FF58-B8C5-05C6-5BF2-ACE42193F22B}
		{45BDE377-263E-4724-BDEC-21E43D2B6CC2} = {5854FF58-B8C5-05C6-5BF2-ACE42193F22B}
		{408FB11E-DBF1-4364-BB8B-1B51E76F34DF} = {5854FF58-B8C5-05C6-5BF2-ACE42193F22B}
		{11D3CF88-97F1-6246-57A8-BF4BF839B93A} = {5854FF58-B8C5-05C6-5BF2-ACE42193F22B}
		{D4B08642-1D98-44FB-A75F-49856A8C4282} = {11D3CF88-97F1-6246-57A8-BF4BF839B93A}
		{376C765A-57A6-4897-9649-478B42BCF335} = {11D3CF88-97F1-6246-57A8-BF4BF839B93A}
		{1240DFA7-0651-43A2-9916-F8EC81896B03} = {11D3CF88-97F1-6246-57A8-BF4BF839B93A}
		{7A510152-B15D-458B-A4AD-581D39C29E6E} = {11D3CF88-97F1-6246-57A8-BF4BF839B93A}
		{B1DF7D2A-4BA6-4871-B2A0-D626CFBE8AFA} = {E7BDDBC6-9FD1-D1D7-ACD8-2C4F8E3D2461}
		{29EC7F20-5824-40B1-BC75-CC72FA6A3951} = {256F4E96-6A73-9ABE-786F-840C672A50F4}
		{39574DC4-9D5A-4626-AE9D-CD4EEC97B977} = {256F4E96-6A73-9ABE-786F-840C672A50F4}
	EndGlobalSection
EndGlobal
